{
    "_meta": {
        "hash": {
            "sha256": "459ef2575a35d1d82229b2996e87ff95619b87b7bd4d6f70fe5a682f2c4b2a35"
        },
        "pipfile-spec": 6,
        "requires": {
            "python_version": "3.7"
        },
        "sources": [
            {
                "name": "pypi",
                "url": "https://pypi.org/simple",
                "verify_ssl": true
            }
        ]
    },
    "default": {
        "affine": {
            "hashes": [
                "sha256:2e045def1aa29e613c42e801a7e10e0b9bacfed1a7c6af0cadf8843530a15102",
                "sha256:34b05b070d954c382e56f02c207a372d8a32621a87653cc30cdd31cd7f65799f"
            ],
            "version": "==2.3.0"
        },
        "amqp": {
            "hashes": [
                "sha256:24dbaff8ce4f30566bb88976b398e8c4e77637171af3af6f1b9650f48890e60b",
                "sha256:bb68f8d2bced8f93ccfd07d96c689b716b3227720add971be980accfc2952139"
            ],
            "version": "==2.6.0"
        },
        "attrs": {
            "hashes": [
                "sha256:08a96c641c3a74e44eb59afb61a24f2cb9f4d7188748e76ba4bb5edfa3cb7d1c",
                "sha256:f7b7ce16570fe9965acd6d30101a28f62fb4a7f9e926b3bbc9b61f8b04247e72"
            ],
            "version": "==19.3.0"
        },
        "billiard": {
            "hashes": [
                "sha256:bff575450859a6e0fbc2f9877d9b715b0bbc07c3565bb7ed2280526a0cdf5ede",
                "sha256:d91725ce6425f33a97dfa72fb6bfef0e47d4652acd98a032bd1a7fbf06d5fa6a"
            ],
            "version": "==3.6.3.0"
        },
        "cattrs": {
            "hashes": [
                "sha256:616972ae3dfa6e623a40ad3cb845420e64942989152774ab055e5c2b2f89f997",
                "sha256:b7ab5cf8ad127c42eefd01410c1c6e28569a45a255ea80ed968511873c433c7a"
            ],
            "index": "pypi",
            "version": "==1.0.0"
        },
        "celery": {
            "hashes": [
                "sha256:ef17d7dffde7fc73ecab3a3b6389d93d3213bac53fa7f28e68e33647ad50b916",
                "sha256:fd77e4248bb1b7af5f7922dd8e81156f540306e3a5c4b1c24167c1f5f06025da"
            ],
            "index": "pypi",
            "version": "==4.4.6"
        },
        "certifi": {
            "hashes": [
                "sha256:5930595817496dd21bb8dc35dad090f1c2cd0adfaf21204bf6732ca5d8ee34d3",
                "sha256:8fc0819f1f30ba15bdb34cceffb9ef04d99f420f68eb75d901e9560b8749fc41"
            ],
            "version": "==2020.6.20"
        },
        "chardet": {
            "hashes": [
                "sha256:84ab92ed1c4d4f16916e05906b6b75a6c0fb5db821cc65e70cbd64a3e2a5eaae",
                "sha256:fc323ffcaeaed0e0a02bf4d117757b98aed530d9ed4531e3e15460124c106691"
            ],
            "version": "==3.0.4"
        },
        "click": {
            "hashes": [
                "sha256:2335065e6395b9e67ca716de5f7526736bfa6ceead690adf616d925bdc622b13",
                "sha256:5b94b49521f6456670fdb30cd82a4eca9412788a93fa6dd6df72c94d5a8ff2d7"
            ],
            "version": "==7.0"
        },
        "click-plugins": {
            "hashes": [
                "sha256:46ab999744a9d831159c3411bb0c79346d94a444df9a3a3742e9ed63645f264b",
                "sha256:5d262006d3222f5057fd81e1623d4443e41dcda5dc815c06b442aa3c02889fc8"
            ],
            "version": "==1.1.1"
        },
        "cligj": {
            "hashes": [
                "sha256:20f24ce9abfde3f758aec3399e6811b936b6772f360846c662c19bf5537b4f14",
                "sha256:60c93dda4499562eb87509a8ff3535a7441053b766c9c26bcf874a732f939c7c",
                "sha256:6c7d52d529a78712491974f975c33473f430c0f7beb18c0d7a402a743dcb460a"
            ],
            "version": "==0.5.0"
        },
        "colorama": {
            "hashes": [
                "sha256:7d73d2a99753107a36ac6b455ee49046802e59d9d076ef8e47b61499fa29afff",
                "sha256:e96da0d330793e2cb9485e9ddfd918d456036c7149416295932478192f4436a1"
            ],
            "index": "pypi",
            "version": "==0.4.3"
        },
        "decorator": {
            "hashes": [
                "sha256:41fa54c2a0cc4ba648be4fd43cff00aedf5b9465c9bf18d64325bc225f08f760",
                "sha256:e3a62f0520172440ca0dcc823749319382e377f37f140a0b99ef45fecb84bfe7"
            ],
            "version": "==4.4.2"
        },
        "dj-database-url": {
            "hashes": [
                "sha256:4aeaeb1f573c74835b0686a2b46b85990571159ffc21aa57ecd4d1e1cb334163",
                "sha256:851785365761ebe4994a921b433062309eb882fedd318e1b0fcecc607ed02da9"
            ],
            "index": "pypi",
            "version": "==0.5.0"
        },
        "django": {
            "hashes": [
                "sha256:84f370f6acedbe1f3c41e1a02de44ac206efda3355e427139ecb785b5f596d80",
                "sha256:e8fe3c2b2212dce6126becab7a693157f1a441a07b62ec994c046c76af5bb66d"
            ],
            "index": "pypi",
            "version": "==2.2.13"
        },
        "django-appconf": {
            "hashes": [
                "sha256:1b1d0e1069c843ebe8ae5aa48ec52403b1440402b320c3e3a206a0907e97bb06",
                "sha256:be58deb54a43d77d2e1621fe59f787681376d3cd0b8bd8e4758ef6c3a6453380"
            ],
            "version": "==1.0.4"
        },
        "django-click": {
            "hashes": [
                "sha256:0e68df3c3892476305befe6b48002319ee2304baa3d4fafc302517c1d81ac7dc",
                "sha256:239a760223b0fd6f12baac03e97c2081fdbb061c3eccbbe95a7b0d805426f3de"
            ],
            "index": "pypi",
            "version": "==2.1.1"
        },
        "django-cors-headers": {
            "hashes": [
                "sha256:5240062ef0b16668ce8a5f43324c388d65f5439e1a30e22c38684d5ddaff0d15",
                "sha256:f5218f2f0bb1210563ff87687afbf10786e080d8494a248e705507ebd92d7153"
            ],
            "index": "pypi",
            "version": "==3.4.0"
        },
        "django-measurement": {
            "hashes": [
                "sha256:8fda226239a4d4ac033270e5bbd5aa3595c1c817f47a657c83f343b492b88220",
                "sha256:aca86e10dc603ea53595ca80aaa43824480342d969e469f4ec83b12df3bad65b"
            ],
            "index": "pypi",
            "version": "==3.2.3"
        },
        "django-webpack-loader": {
            "hashes": [
                "sha256:7a3c88201aa54481f9399465615cbe7b9aece8081496a6d0287b7cb8e232f447",
                "sha256:d28a276ed3d89e97a313b74967e373693f8b86afe629f4c91eea91c5b4f2ec20"
            ],
            "index": "pypi",
            "version": "==0.7.0"
        },
        "djangorestframework": {
            "hashes": [
                "sha256:05809fc66e1c997fd9a32ea5730d9f4ba28b109b9da71fccfa5ff241201fd0a4",
                "sha256:e782087823c47a26826ee5b6fa0c542968219263fb3976ec3c31edab23a4001f"
            ],
            "index": "pypi",
            "version": "==3.11.0"
        },
        "djangorestframework-gis": {
            "hashes": [
                "sha256:63c253528a107bc77cd71506cd639a0489b05b763fa7c3190cfd4622bf094594"
            ],
            "index": "pypi",
            "version": "==0.15"
        },
        "future": {
            "hashes": [
                "sha256:b1bead90b70cf6ec3f0710ae53a525360fa360d306a86583adc6bf83a4db537d"
            ],
            "version": "==0.18.2"
        },
        "geographiclib": {
            "hashes": [
                "sha256:12bd46ee7ec25b291ea139b17aa991e7ef373e21abd053949b75c0e9ca55c632",
                "sha256:51cfa698e7183792bce27d8fb63ac8e83689cd8170a730bf35e1a5c5bf8849b9"
            ],
            "version": "==1.50"
        },
        "geopy": {
            "hashes": [
                "sha256:76654405eb69b01a2b8d113ab2ae101513cbeeb1272b0a472a7050631dadefa0",
                "sha256:a70ff7d0fed8574384a033b46a0cd07ed7bf824901031da6e315f63e6d70394e"
            ],
            "index": "pypi",
            "version": "==1.16.0"
        },
        "gpxpy": {
            "hashes": [
                "sha256:0832041899cdfdc5a607291bbef3d73042e16ffcecc3f2cb9631b699db0bb53f"
            ],
            "index": "pypi",
            "version": "==1.4.2"
        },
        "gunicorn": {
            "hashes": [
                "sha256:1904bb2b8a43658807108d59c3f3d56c2b6121a701161de0ddf9ad140073c626",
                "sha256:cd4a810dd51bf497552cf3f863b575dabd73d6ad6a91075b65936b151cbf4f9c"
            ],
            "index": "pypi",
            "version": "==20.0.4"
        },
        "idna": {
            "hashes": [
                "sha256:b307872f855b18632ce0c21c5e45be78c0ea7ae4c15c828c20788b26921eb3f6",
                "sha256:b97d804b1e9b523befed77c48dacec60e6dcb0b5391d57af6a65a312a90648c0"
            ],
            "version": "==2.10"
        },
        "importlib-metadata": {
            "hashes": [
                "sha256:90bb658cdbbf6d1735b6341ce708fc7024a3e14e99ffdc5783edea9f9b077f83",
                "sha256:dc15b2969b4ce36305c51eebe62d418ac7791e9a157911d58bfb1f9ccd8e2070"
            ],
            "markers": "python_version < '3.8'",
            "version": "==1.7.0"
        },
        "kombu": {
            "hashes": [
                "sha256:be48cdffb54a2194d93ad6533d73f69408486483d189fe9f5990ee24255b0e0a",
                "sha256:ca1b45faac8c0b18493d02a8571792f3c40291cf2bcf1f55afed3d8f3aa7ba74"
            ],
            "version": "==4.6.11"
        },
        "measurement": {
            "hashes": [
                "sha256:352b20f7f0e553236af7c5ed48d091a51cf26061c1a063f46b31706ff7c0d57a"
            ],
            "version": "==3.2.0"
        },
        "more-itertools": {
            "hashes": [
                "sha256:68c70cc7167bdf5c7c9d8f6954a7837089c6a36bf565383919bb595efb8a17e5",
                "sha256:b78134b2063dd214000685165d81c154522c3ee0a1c0d4d113c80361c234c5a2"
            ],
            "version": "==8.4.0"
        },
        "mpmath": {
            "hashes": [
                "sha256:fc17abe05fbab3382b61a123c398508183406fa132e0223874578e20946499f6"
            ],
            "version": "==1.1.0"
        },
        "networkx": {
            "hashes": [
                "sha256:cd5ff8f75d92c79237f067e2f0876824645d37f017cfffa5b7c9678cae1454aa"
            ],
            "index": "pypi",
            "version": "==2.0"
        },
        "numpy": {
            "hashes": [
                "sha256:13af0184177469192d80db9bd02619f6fa8b922f9f327e077d6f2a6acb1ce1c0",
                "sha256:26a45798ca2a4e168d00de75d4a524abf5907949231512f372b217ede3429e98",
                "sha256:26f509450db547e4dfa3ec739419b31edad646d21fb8d0ed0734188b35ff6b27",
                "sha256:30a59fb41bb6b8c465ab50d60a1b298d1cd7b85274e71f38af5a75d6c475d2d2",
                "sha256:33c623ef9ca5e19e05991f127c1be5aeb1ab5cdf30cb1c5cf3960752e58b599b",
                "sha256:356f96c9fbec59974a592452ab6a036cd6f180822a60b529a975c9467fcd5f23",
                "sha256:3c40c827d36c6d1c3cf413694d7dc843d50997ebffbc7c87d888a203ed6403a7",
                "sha256:4d054f013a1983551254e2379385e359884e5af105e3efe00418977d02f634a7",
                "sha256:63d971bb211ad3ca37b2adecdd5365f40f3b741a455beecba70fd0dde8b2a4cb",
                "sha256:658624a11f6e1c252b2cd170d94bf28c8f9410acab9f2fd4369e11e1cd4e1aaf",
                "sha256:76766cc80d6128750075378d3bb7812cf146415bd29b588616f72c943c00d598",
                "sha256:7b57f26e5e6ee2f14f960db46bd58ffdca25ca06dd997729b1b179fddd35f5a3",
                "sha256:7b852817800eb02e109ae4a9cef2beda8dd50d98b76b6cfb7b5c0099d27b52d4",
                "sha256:8cde829f14bd38f6da7b2954be0f2837043e8b8d7a9110ec5e318ae6bf706610",
                "sha256:a2e3a39f43f0ce95204beb8fe0831199542ccab1e0c6e486a0b4947256215632",
                "sha256:a86c962e211f37edd61d6e11bb4df7eddc4a519a38a856e20a6498c319efa6b0",
                "sha256:a8705c5073fe3fcc297fb8e0b31aa794e05af6a329e81b7ca4ffecab7f2b95ef",
                "sha256:b6aaeadf1e4866ca0fdf7bb4eed25e521ae21a7947c59f78154b24fc7abbe1dd",
                "sha256:be62aeff8f2f054eff7725f502f6228298891fd648dc2630e03e44bf63e8cee0",
                "sha256:c2edbb783c841e36ca0fa159f0ae97a88ce8137fb3a6cd82eae77349ba4b607b",
                "sha256:cbe326f6d364375a8e5a8ccb7e9cd73f4b2f6dc3b2ed205633a0db8243e2a96a",
                "sha256:d34fbb98ad0d6b563b95de852a284074514331e6b9da0a9fc894fb1cdae7a79e",
                "sha256:d97a86937cf9970453c3b62abb55a6475f173347b4cde7f8dcdb48c8e1b9952d",
                "sha256:dd53d7c4a69e766e4900f29db5872f5824a06827d594427cf1a4aa542818b796",
                "sha256:df1889701e2dfd8ba4dc9b1a010f0a60950077fb5242bb92c8b5c7f1a6f2668a",
                "sha256:fa1fe75b4a9e18b66ae7f0b122543c42debcf800aaafa0212aaff3ad273c2596"
            ],
            "version": "==1.19.0"
        },
        "osmium": {
            "hashes": [
                "sha256:0178bc3dd46fd304b0a22a951df1a116d37bb0d4869bbe6c566ce1abf39be7e5",
                "sha256:07f6315af25fb496125d140151e317de0486ddc20254616d2347cd5537091e07",
                "sha256:090fbcf394b76c7a4e967f55977a1491efaf3276b4a27ec1262cfd13073eb497",
                "sha256:0b798022ddb598ffa8c5baf979cc0fe275a9419dfdf3ca21a92ede596f99bae2",
                "sha256:2170516d9c3c95432ea725ac4a0dca590fb263f80b6fc3f361a3d30eb9c41f28",
                "sha256:35d9ea62e0016466eece390792644192d45dbf12c70637d293b8be408c2390cd",
                "sha256:455dcd129819b1c47cfcb7c676e362c07b32dc5558bf16eddd0333f8899e331e",
                "sha256:5545722ce2ead2c1e634ef23e26b694fe06f5768006195762f14ab6496fb72ed",
                "sha256:68d8a9bab38657362d55ec0c2878acc40a74f4602e263c1c3b75bdfe8135c59c",
                "sha256:69fd3f0da9ecb3a041075bd84702ef9237c67c09f1a0b6defb00bbb727249259",
                "sha256:712910c5472726bb62a6e043179697e0a52ebb09b7e4e23dbf4a8d0e31c90e11",
                "sha256:82d84dbfe437546aad4e427d9b667eb4575b35100e8ff60fd1f0752522126211",
                "sha256:8475e8dc2186d0817b0254e35f502582592b8b44cd0a9478cbecd6602791ff50",
                "sha256:851491cddb07e7cf25b74a29e7ceca9c0eac74c45d0a033e6085820e830e1f32",
                "sha256:8ae2ce116bec61b2e51b181f61214fba06ec25ccd4d51cb42386b8b4b73ccd91",
                "sha256:8ea713709267a461eaf2c6544f4fe358312558e7448480f5fd0c3fef023e996d",
                "sha256:b7f774794fac9df16ad745035aa61e28a00c5a75bed3483fa77f67e34dc61920",
                "sha256:bb40e3e468b47e01f759a1c5de9e5429224ca6b8fe09f690c169480afc7ea840",
                "sha256:bc67305d09f391d735883efea870c37a3aa2dabf32530026a409eb506b52a2f0",
                "sha256:bef1b37772b39a438c5b2e65dbc1f3417ef2a8ade829ef1f6f0179431c5bcb7c",
                "sha256:df9bded041a099a72bc3bfb3732df93c36f96801c2706721d1d8623419e64321",
                "sha256:e0d4a1049a5bf8445c6e8c6cbc8f247795322870a32ca63f5fdec24cbcc973c2"
            ],
            "index": "pypi",
            "version": "==2.15.3"
        },
        "packaging": {
            "hashes": [
                "sha256:4357f74f47b9c12db93624a82154e9b120fa8293699949152b22065d556079f8",
                "sha256:998416ba6962ae7fbd6596850b80e17859a5753ba17c32284f67bfff33784181"
            ],
            "version": "==20.4"
        },
        "pandas": {
            "hashes": [
                "sha256:02f1e8f71cd994ed7fcb9a35b6ddddeb4314822a0e09a9c5b2d278f8cb5d4096",
                "sha256:13f75fb18486759da3ff40f5345d9dd20e7d78f2a39c5884d013456cec9876f0",
                "sha256:35b670b0abcfed7cad76f2834041dcf7ae47fd9b22b63622d67cdc933d79f453",
                "sha256:4c73f373b0800eb3062ffd13d4a7a2a6d522792fa6eb204d67a4fad0a40f03dc",
                "sha256:5759edf0b686b6f25a5d4a447ea588983a33afc8a0081a0954184a4a87fd0dd7",
                "sha256:5a7cf6044467c1356b2b49ef69e50bf4d231e773c3ca0558807cdba56b76820b",
                "sha256:69c5d920a0b2a9838e677f78f4dde506b95ea8e4d30da25859db6469ded84fa8",
                "sha256:8778a5cc5a8437a561e3276b85367412e10ae9fff07db1eed986e427d9a674f8",
                "sha256:9871ef5ee17f388f1cb35f76dc6106d40cb8165c562d573470672f4cdefa59ef",
                "sha256:9c31d52f1a7dd2bb4681d9f62646c7aa554f19e8e9addc17e8b1b20011d7522d",
                "sha256:ab8173a8efe5418bbe50e43f321994ac6673afc5c7c4839014cf6401bbdd0705",
                "sha256:ae961f1f0e270f1e4e2273f6a539b2ea33248e0e3a11ffb479d757918a5e03a9",
                "sha256:b3c4f93fcb6e97d993bf87cdd917883b7dab7d20c627699f360a8fb49e9e0b91",
                "sha256:c9410ce8a3dee77653bc0684cfa1535a7f9c291663bd7ad79e39f5ab58f67ab3",
                "sha256:f69e0f7b7c09f1f612b1f8f59e2df72faa8a6b41c5a436dde5b615aaf948f107",
                "sha256:faa42a78d1350b02a7d2f0dbe3c80791cf785663d6997891549d0f86dc49125e"
            ],
            "version": "==1.0.5"
        },
        "pluggy": {
            "hashes": [
                "sha256:15b2acde666561e1298d71b523007ed7364de07029219b604cf808bfa1c765b0",
                "sha256:966c145cd83c96502c3c3868f50408687b38434af77734af1e9ca461a4081d2d"
            ],
            "version": "==0.13.1"
        },
        "postman-problems": {
            "hashes": [
                "sha256:87de7c4674e88129bb03a8e1826c46bcd858393ca675f8de8f6921f2893afa6a"
            ],
            "index": "pypi",
            "version": "==0.3"
        },
        "psycopg2-binary": {
            "hashes": [
                "sha256:008da3ab51adc70a5f1cfbbe5db3a22607ab030eb44bcecf517ad11a0c2b3cac",
                "sha256:07cf82c870ec2d2ce94d18e70c13323c89f2f2a2628cbf1feee700630be2519a",
                "sha256:08507efbe532029adee21b8d4c999170a83760d38249936038bd0602327029b5",
                "sha256:107d9be3b614e52a192719c6bf32e8813030020ea1d1215daa86ded9a24d8b04",
                "sha256:17a0ea0b0eabf07035e5e0d520dabc7950aeb15a17c6d36128ba99b2721b25b1",
                "sha256:3286541b9d85a340ee4ed42732d15fc1bb441dc500c97243a768154ab8505bb5",
                "sha256:3939cf75fc89c5e9ed836e228c4a63604dff95ad19aed2bbf71d5d04c15ed5ce",
                "sha256:40abc319f7f26c042a11658bf3dd3b0b3bceccf883ec1c565d5c909a90204434",
                "sha256:51f7823f1b087d2020d8e8c9e6687473d3d239ba9afc162d9b2ab6e80b53f9f9",
                "sha256:6bb2dd006a46a4a4ce95201f836194eb6a1e863f69ee5bab506673e0ca767057",
                "sha256:702f09d8f77dc4794651f650828791af82f7c2efd8c91ae79e3d9fe4bb7d4c98",
                "sha256:7036ccf715925251fac969f4da9ad37e4b7e211b1e920860148a10c0de963522",
                "sha256:7b832d76cc65c092abd9505cc670c4e3421fd136fb6ea5b94efbe4c146572505",
                "sha256:8f74e631b67482d504d7e9cf364071fc5d54c28e79a093ff402d5f8f81e23bfa",
                "sha256:930315ac53dc65cbf52ab6b6d27422611f5fb461d763c531db229c7e1af6c0b3",
                "sha256:96d3038f5bd061401996614f65d27a4ecb62d843eb4f48e212e6d129171a721f",
                "sha256:a20299ee0ea2f9cca494396ac472d6e636745652a64a418b39522c120fd0a0a4",
                "sha256:a34826d6465c2e2bbe9d0605f944f19d2480589f89863ed5f091943be27c9de4",
                "sha256:a69970ee896e21db4c57e398646af9edc71c003bc52a3cc77fb150240fefd266",
                "sha256:b9a8b391c2b0321e0cd7ec6b4cfcc3dd6349347bd1207d48bcb752aa6c553a66",
                "sha256:ba13346ff6d3eb2dca0b6fa0d8a9d999eff3dcd9b55f3a890f12b0b6362b2b38",
                "sha256:bb0608694a91db1e230b4a314e8ed00ad07ed0c518f9a69b83af2717e31291a3",
                "sha256:c8830b7d5f16fd79d39b21e3d94f247219036b29b30c8270314c46bf8b732389",
                "sha256:cac918cd7c4c498a60f5d2a61d4f0a6091c2c9490d81bc805c963444032d0dab",
                "sha256:cc30cb900f42c8a246e2cb76539d9726f407330bc244ca7729c41a44e8d807fb",
                "sha256:ccdc6a87f32b491129ada4b87a43b1895cf2c20fdb7f98ad979647506ffc41b6",
                "sha256:d1a8b01f6a964fec702d6b6dac1f91f2b9f9fe41b310cbb16c7ef1fac82df06d",
                "sha256:e004db88e5a75e5fdab1620fb9f90c9598c2a195a594225ac4ed2a6f1c23e162",
                "sha256:eb2f43ae3037f1ef5e19339c41cf56947021ac892f668765cd65f8ab9814192e",
                "sha256:fa466306fcf6b39b8a61d003123d442b23707d635a5cb05ac4e1b62cc79105cd"
            ],
            "index": "pypi",
            "version": "==2.8.5"
        },
        "py": {
            "hashes": [
                "sha256:366389d1db726cd2fcfc79732e75410e5fe4d31db13692115529d34069a043c2",
                "sha256:9ca6883ce56b4e8da7e79ac18787889fa5206c79dcc67fb065376cd2fe03f342"
            ],
            "version": "==1.9.0"
        },
        "pyparsing": {
            "hashes": [
                "sha256:1060635ca5ac864c2b7bc7b05a448df4e32d7d8c65e33cbe1514810d339672a2",
                "sha256:56a551039101858c9e189ac9e66e330a03fb7079e97ba6b50193643905f450ce"
            ],
            "version": "==3.0.0a2"
        },
        "pytest": {
            "hashes": [
                "sha256:5c0db86b698e8f170ba4582a492248919255fcd4c79b1ee64ace34301fb589a1",
                "sha256:7979331bfcba207414f5e1263b5a0f8f521d0f457318836a7355531ed1a4c7d8"
            ],
            "version": "==5.4.3"
        },
        "pytest-django": {
            "hashes": [
                "sha256:2d2e0a618d91c280d463e90bcbea9b4e417609157f611a79685b1c561c4c0836",
                "sha256:59683def396923b78d7e191a7086a48193f8d5db869ace79acb38f906522bc7b"
            ],
            "index": "pypi",
            "version": "==3.4.2"
        },
        "python-dateutil": {
            "hashes": [
                "sha256:73ebfe9dbf22e832286dafa60473e4cd239f8592f699aa5adaf10050e6e1823c",
                "sha256:75bb3f31ea686f1197762692a9ee6a7550b59fc6ca3a1f4b5d7e32fb98e2da2a"
            ],
            "version": "==2.8.1"
        },
        "pytz": {
            "hashes": [
                "sha256:a494d53b6d39c3c6e44c3bec237336e14305e4f29bbf800b599253057fbb79ed",
                "sha256:c35965d010ce31b23eeb663ed3cc8c906275d6be1a34393a1d73a41febf4a048"
            ],
            "version": "==2020.1"
        },
        "rasterio": {
            "hashes": [
                "sha256:03c8bb7be4bb2d808be81ade0391b222dd870c593aebffd361b168d3b8015615",
                "sha256:39269f8f22a040301d7e7f335bce806aa4f8246cdc5be39ec51ed11389b4b3eb",
                "sha256:5663bbe5fff1684d031c86e99f4610bc068ad3d9f48b79993ac177e6013200b4",
                "sha256:6fc016a95ec207fb1091365dd33e207cc26321316d98b3b110d4338d64cd5567",
                "sha256:754e6653bd6b7998af9f530dfd2d26da33bfe5c7ea6f4cc6c6d38152952c35cb",
                "sha256:7ffd1e03706f47587a9a6e580cc8f814a83aa8bebafaaeffe15fa0ab664ff815",
                "sha256:b9b753748a634140609171b4a8009e85cf859c4815d58f76a44b94a661d35364",
                "sha256:cf68a574500ec1f7d29c9ea353d0d0536255c4a805a17d80db2cc5fe597c312e",
                "sha256:ebe75c71f9257c780615caaec8ef81fa4602702cf9290a65c213e1639284acc9",
                "sha256:ecc314d110a7d6185a58097cf2b02fc918196ed441d764df2afe72b221259c22"
            ],
            "index": "pypi",
            "version": "==1.1.5"
        },
        "redis": {
            "hashes": [
                "sha256:0e7e0cfca8660dea8b7d5cd8c4f6c5e29e11f31158c0b0ae91a397f00e5a05a2",
                "sha256:432b788c4530cfe16d8d943a09d40ca6c16149727e4afe8c2c9d5580c59d9f24"
            ],
            "index": "pypi",
            "version": "==3.5.3"
        },
        "requests": {
            "hashes": [
                "sha256:b3559a131db72c33ee969480840fff4bb6dd111de7dd27c8ee1f820f4f00231b",
                "sha256:fe75cc94a9443b9246fc7049224f75604b113c36acb93f87b80ed42c44cbb898"
            ],
            "version": "==2.24.0"
        },
        "requests-mock": {
            "hashes": [
                "sha256:7a5fa99db5e3a2a961b6f20ed40ee6baeff73503cf0a553cc4d679409e6170fb",
                "sha256:8ca0628dc66d3f212878932fd741b02aa197ad53fd2228164800a169a4a826af"
            ],
            "index": "pypi",
            "version": "==1.5.2"
        },
        "sentry-sdk": {
            "hashes": [
                "sha256:da06bc3641e81ec2c942f87a0676cd9180044fa3d1697524a0005345997542e2",
                "sha256:e80d61af85d99a1222c1a3e2a24023618374cd50a99673aa7fa3cf920e7d813b"
            ],
            "index": "pypi",
            "version": "==0.16.0"
        },
        "six": {
            "hashes": [
                "sha256:30639c035cdb23534cd4aa2dd52c3bf48f06e5f4a941509c8bafd8ce11080259",
                "sha256:8b74bedcbbbaca38ff6d7491d76f2b06b3592611af620f8426e82dddb04a5ced"
            ],
            "version": "==1.15.0"
        },
        "snuggs": {
            "hashes": [
                "sha256:501cf113fe3892e14e2fee76da5cd0606b7e149c411c271898e6259ebde2617b",
                "sha256:988dde5d4db88e9d71c99457404773dabcc7a1c45971bfbe81900999942d9f07"
            ],
            "version": "==1.4.7"
        },
        "sqlparse": {
            "hashes": [
                "sha256:022fb9c87b524d1f7862b3037e541f68597a730a8843245c349fc93e1643dc4e",
                "sha256:e162203737712307dfe78860cc56c8da8a852ab2ee33750e33aeadf38d12c548"
            ],
            "version": "==0.3.1"
        },
        "srtm.py": {
            "hashes": [
                "sha256:42cce7a63650963c619c15b749e9d754ad8fa56e277b1529865105275f4e3c9b"
            ],
            "index": "pypi",
            "version": "==0.3.4"
        },
        "structlog": {
            "hashes": [
                "sha256:7a48375db6274ed1d0ae6123c486472aa1d0890b08d314d2b016f3aa7f35990b",
                "sha256:8a672be150547a93d90a7d74229a29e765be05bd156a35cdcc527ebf68e9af92"
            ],
            "index": "pypi",
            "version": "==20.1.0"
        },
        "sympy": {
            "hashes": [
                "sha256:7386dba4f7e162e90766b5ea7cab5938c2fe3c620b310518c8ff504b283cb15b",
                "sha256:7f50d922bf055560429777447ac827620fd86d39d1de4ea057422e7552c65f3b"
            ],
            "version": "==1.6.1"
        },
        "tqdm": {
            "hashes": [
                "sha256:5ef526702c0d265d5a960a3b27f3971fac13c26cf0fb819294bfa71fc6026c88",
                "sha256:a3364bd83ce4777320b862e3c8a93d7da91e20a95f06ef79bed7dd71c654cafa"
            ],
            "index": "pypi",
            "version": "==4.25.0"
        },
        "urllib3": {
            "hashes": [
                "sha256:3018294ebefce6572a474f0604c2021e33b3fd8006ecd11d62107a5d2a963527",
                "sha256:88206b0eb87e6d677d424843ac5209e3fb9d0190d0ee169599165ec25e9d9115"
            ],
            "version": "==1.25.9"
        },
        "vine": {
            "hashes": [
                "sha256:133ee6d7a9016f177ddeaf191c1f58421a1dcc6ee9a42c58b34bed40e1d2cd87",
                "sha256:ea4947cc56d1fd6f2095c8d543ee25dad966f78692528e68b4fada11ba3f98af"
            ],
            "version": "==1.3.0"
        },
        "wcwidth": {
            "hashes": [
                "sha256:beb4802a9cebb9144e99086eff703a642a13d6a0052920003a230f3294bbe784",
                "sha256:c4d647b99872929fdb7bdcaa4fbe7f01413ed3d98077df798530e5b04f116c83"
            ],
            "version": "==0.2.5"
        },
        "whitenoise": {
            "hashes": [
                "sha256:60154b976a13901414a25b0273a841145f77eb34a141f9ae032a0ace3e4d5b27",
                "sha256:6dd26bfda3af29177d8ab7333a0c7b7642eb615ce83764f4d15a9aecda3201c4"
            ],
            "index": "pypi",
            "version": "==5.1.0"
        },
        "zipp": {
            "hashes": [
                "sha256:aa36550ff0c0b7ef7fa639055d797116ee891440eac1a56f378e2d3179e0320b",
                "sha256:c599e4d75c98f6798c509911d08a22e6c021d074469042177c8c86fb92eefd96"
            ],
            "version": "==3.1.0"
        }
    },
    "develop": {
        "appdirs": {
            "hashes": [
                "sha256:7d5d0167b2b1ba821647616af46a749d1c653740dd0d2415100fe26e27afdf41",
                "sha256:a841dacd6b99318a741b166adb07e19ee71a274450e68237b4650ca1055ab128"
            ],
            "version": "==1.4.4"
        },
        "atomicwrites": {
            "hashes": [
                "sha256:6d1784dea7c0c8d4a5172b6c620f40b6e4cbfdf96d783691f2e1302a7b88e197",
                "sha256:ae70396ad1a434f9c7046fd2dd196fc04b12f9e91ffb859164193be8b6168a7a"
            ],
            "version": "==1.4.0"
        },
        "attrs": {
            "hashes": [
                "sha256:08a96c641c3a74e44eb59afb61a24f2cb9f4d7188748e76ba4bb5edfa3cb7d1c",
                "sha256:f7b7ce16570fe9965acd6d30101a28f62fb4a7f9e926b3bbc9b61f8b04247e72"
            ],
            "version": "==19.3.0"
        },
        "backcall": {
            "hashes": [
                "sha256:5cbdbf27be5e7cfadb448baf0aa95508f91f2bbc6c6437cd9cd06e2a4c215e1e",
                "sha256:fbbce6a29f263178a1f7915c1940bde0ec2b2a967566fe1c65c1dfb7422bd255"
            ],
            "version": "==0.2.0"
        },
        "black": {
            "hashes": [
                "sha256:1b30e59be925fafc1ee4565e5e08abef6b03fe455102883820fe5ee2e4734e0b",
                "sha256:c2edb73a08e9e0e6f65a0e6af18b059b8b1cdd5bef997d7a0b181df93dc81539"
            ],
            "index": "pypi",
            "version": "==19.10b0"
        },
        "certifi": {
            "hashes": [
                "sha256:5930595817496dd21bb8dc35dad090f1c2cd0adfaf21204bf6732ca5d8ee34d3",
                "sha256:8fc0819f1f30ba15bdb34cceffb9ef04d99f420f68eb75d901e9560b8749fc41"
            ],
            "version": "==2020.6.20"
        },
        "chardet": {
            "hashes": [
                "sha256:84ab92ed1c4d4f16916e05906b6b75a6c0fb5db821cc65e70cbd64a3e2a5eaae",
                "sha256:fc323ffcaeaed0e0a02bf4d117757b98aed530d9ed4531e3e15460124c106691"
            ],
            "version": "==3.0.4"
        },
        "click": {
            "hashes": [
                "sha256:2335065e6395b9e67ca716de5f7526736bfa6ceead690adf616d925bdc622b13",
                "sha256:5b94b49521f6456670fdb30cd82a4eca9412788a93fa6dd6df72c94d5a8ff2d7"
            ],
            "version": "==7.0"
        },
        "decorator": {
            "hashes": [
                "sha256:41fa54c2a0cc4ba648be4fd43cff00aedf5b9465c9bf18d64325bc225f08f760",
                "sha256:e3a62f0520172440ca0dcc823749319382e377f37f140a0b99ef45fecb84bfe7"
            ],
            "version": "==4.4.2"
        },
        "gmplot": {
            "hashes": [
                "sha256:2c8c14c160bf5f0ad941488a70731319da20a5d936bf4c78c7bfbc8bf2016953"
            ],
            "index": "pypi",
            "version": "==1.2.0"
        },
        "idna": {
            "hashes": [
                "sha256:b307872f855b18632ce0c21c5e45be78c0ea7ae4c15c828c20788b26921eb3f6",
                "sha256:b97d804b1e9b523befed77c48dacec60e6dcb0b5391d57af6a65a312a90648c0"
            ],
            "version": "==2.10"
        },
        "importlib-metadata": {
            "hashes": [
                "sha256:90bb658cdbbf6d1735b6341ce708fc7024a3e14e99ffdc5783edea9f9b077f83",
                "sha256:dc15b2969b4ce36305c51eebe62d418ac7791e9a157911d58bfb1f9ccd8e2070"
            ],
            "markers": "python_version < '3.8'",
            "version": "==1.7.0"
        },
        "ipython": {
            "hashes": [
                "sha256:2dbcc8c27ca7d3cfe4fcdff7f45b27f9a8d3edfa70ff8024a71c7a8eb5f09d64",
                "sha256:9f4fcb31d3b2c533333893b9172264e4821c1ac91839500f31bd43f2c59b3ccf"
            ],
            "index": "pypi",
            "version": "==7.16.1"
        },
        "ipython-genutils": {
            "hashes": [
                "sha256:72dd37233799e619666c9f639a9da83c34013a73e8bbc79a7a6348d93c61fab8",
                "sha256:eb2e116e75ecef9d4d228fdc66af54269afa26ab4463042e33785b887c628ba8"
            ],
            "version": "==0.2.0"
        },
        "jedi": {
            "hashes": [
                "sha256:1ddb0ec78059e8e27ec9eb5098360b4ea0a3dd840bedf21415ea820c21b40a22",
                "sha256:807d5d4f96711a2bcfdd5dfa3b1ae6d09aa53832b182090b222b5efb81f52f63"
            ],
            "version": "==0.17.1"
        },
        "more-itertools": {
            "hashes": [
                "sha256:68c70cc7167bdf5c7c9d8f6954a7837089c6a36bf565383919bb595efb8a17e5",
                "sha256:b78134b2063dd214000685165d81c154522c3ee0a1c0d4d113c80361c234c5a2"
            ],
            "version": "==8.4.0"
        },
        "mypy": {
            "hashes": [
                "sha256:2c6cde8aa3426c1682d35190b59b71f661237d74b053822ea3d748e2c9578a7c",
                "sha256:3fdda71c067d3ddfb21da4b80e2686b71e9e5c72cca65fa216d207a358827f86",
                "sha256:5dd13ff1f2a97f94540fd37a49e5d255950ebcdf446fb597463a40d0df3fac8b",
                "sha256:6731603dfe0ce4352c555c6284c6db0dc935b685e9ce2e4cf220abe1e14386fd",
                "sha256:6bb93479caa6619d21d6e7160c552c1193f6952f0668cdda2f851156e85186fc",
                "sha256:81c7908b94239c4010e16642c9102bfc958ab14e36048fa77d0be3289dda76ea",
                "sha256:9c7a9a7ceb2871ba4bac1cf7217a7dd9ccd44c27c2950edbc6dc08530f32ad4e",
                "sha256:a4a2cbcfc4cbf45cd126f531dedda8485671545b43107ded25ce952aac6fb308",
                "sha256:b7fbfabdbcc78c4f6fc4712544b9b0d6bf171069c6e0e3cb82440dd10ced3406",
                "sha256:c05b9e4fb1d8a41d41dec8786c94f3b95d3c5f528298d769eb8e73d293abc48d",
                "sha256:d7df6eddb6054d21ca4d3c6249cae5578cb4602951fd2b6ee2f5510ffb098707",
                "sha256:e0b61738ab504e656d1fe4ff0c0601387a5489ca122d55390ade31f9ca0e252d",
                "sha256:eff7d4a85e9eea55afa34888dfeaccde99e7520b51f867ac28a48492c0b1130c",
                "sha256:f05644db6779387ccdb468cc47a44b4356fc2ffa9287135d05b70a98dc83b89a"
            ],
            "index": "pypi",
            "version": "==0.782"
        },
        "mypy-extensions": {
            "hashes": [
                "sha256:090fedd75945a69ae91ce1303b5824f428daf5a028d2f6ab8a299250a846f15d",
                "sha256:2d82818f5bb3e369420cb3c4060a7970edba416647068eb4c5343488a6c604a8"
            ],
            "version": "==0.4.3"
        },
        "parso": {
            "hashes": [
                "sha256:158c140fc04112dc45bca311633ae5033c2c2a7b732fa33d0955bad8152a8dd0",
                "sha256:908e9fae2144a076d72ae4e25539143d40b8e3eafbaeae03c1bfe226f4cdf12c"
            ],
            "version": "==0.7.0"
        },
        "pathspec": {
            "hashes": [
                "sha256:7d91249d21749788d07a2d0f94147accd8f845507400749ea19c1ec9054a12b0",
                "sha256:da45173eb3a6f2a5a487efba21f050af2b41948be6ab52b6a1e3ff22bb8b7061"
            ],
            "version": "==0.8.0"
        },
        "pexpect": {
            "hashes": [
                "sha256:0b48a55dcb3c05f3329815901ea4fc1537514d6ba867a152b581d69ae3710937",
                "sha256:fc65a43959d153d0114afe13997d439c22823a27cefceb5ff35c2178c6784c0c"
            ],
            "markers": "sys_platform != 'win32'",
            "version": "==4.8.0"
        },
        "pickleshare": {
            "hashes": [
                "sha256:87683d47965c1da65cdacaf31c8441d12b8044cdec9aca500cd78fc2c683afca",
                "sha256:9649af414d74d4df115d5d718f82acb59c9d418196b7b4290ed47a12ce62df56"
            ],
            "version": "==0.7.5"
        },
        "pluggy": {
            "hashes": [
                "sha256:15b2acde666561e1298d71b523007ed7364de07029219b604cf808bfa1c765b0",
                "sha256:966c145cd83c96502c3c3868f50408687b38434af77734af1e9ca461a4081d2d"
            ],
            "version": "==0.13.1"
        },
        "prompt-toolkit": {
            "hashes": [
                "sha256:563d1a4140b63ff9dd587bda9557cffb2fe73650205ab6f4383092fb882e7dc8",
                "sha256:df7e9e63aea609b1da3a65641ceaf5bc7d05e0a04de5bd45d05dbeffbabf9e04"
            ],
            "version": "==3.0.5"
        },
        "ptyprocess": {
            "hashes": [
                "sha256:923f299cc5ad920c68f2bc0bc98b75b9f838b93b599941a6b63ddbc2476394c0",
                "sha256:d7cc528d76e76342423ca640335bd3633420dc1366f258cb31d05e865ef5ca1f"
            ],
            "version": "==0.6.0"
        },
        "py": {
            "hashes": [
                "sha256:366389d1db726cd2fcfc79732e75410e5fe4d31db13692115529d34069a043c2",
                "sha256:9ca6883ce56b4e8da7e79ac18787889fa5206c79dcc67fb065376cd2fe03f342"
            ],
            "version": "==1.9.0"
        },
        "py-spy": {
            "hashes": [
                "sha256:9ce5c825bdfbb4683f183b19d522bf9da19b568c9982a404e190f8f7c5a41bf2",
                "sha256:dd1dc8226c22bdc759dca661de80a67928872ad82e03a9166f2516ff32912ce4"
            ],
            "index": "pypi",
            "version": "==0.4.0.dev1"
        },
        "pygments": {
            "hashes": [
                "sha256:647344a061c249a3b74e230c739f434d7ea4d8b1d5f3721bc0f3558049b38f44",
                "sha256:ff7a40b4860b727ab48fad6360eb351cc1b33cbf9b15a0f689ca5353e9463324"
            ],
            "version": "==2.6.1"
        },
        "pytest": {
            "hashes": [
                "sha256:5c0db86b698e8f170ba4582a492248919255fcd4c79b1ee64ace34301fb589a1",
                "sha256:7979331bfcba207414f5e1263b5a0f8f521d0f457318836a7355531ed1a4c7d8"
            ],
            "version": "==5.4.3"
        },
        "regex": {
            "hashes": [
                "sha256:08997a37b221a3e27d68ffb601e45abfb0093d39ee770e4257bd2f5115e8cb0a",
                "sha256:112e34adf95e45158c597feea65d06a8124898bdeac975c9087fe71b572bd938",
                "sha256:1700419d8a18c26ff396b3b06ace315b5f2a6e780dad387e4c48717a12a22c29",
                "sha256:2f6f211633ee8d3f7706953e9d3edc7ce63a1d6aad0be5dcee1ece127eea13ae",
                "sha256:52e1b4bef02f4040b2fd547357a170fc1146e60ab310cdbdd098db86e929b387",
                "sha256:55b4c25cbb3b29f8d5e63aeed27b49fa0f8476b0d4e1b3171d85db891938cc3a",
                "sha256:5aaa5928b039ae440d775acea11d01e42ff26e1561c0ffcd3d805750973c6baf",
                "sha256:654cb773b2792e50151f0e22be0f2b6e1c3a04c5328ff1d9d59c0398d37ef610",
                "sha256:690f858d9a94d903cf5cada62ce069b5d93b313d7d05456dbcd99420856562d9",
                "sha256:6ad8663c17db4c5ef438141f99e291c4d4edfeaacc0ce28b5bba2b0bf273d9b5",
                "sha256:89cda1a5d3e33ec9e231ece7307afc101b5217523d55ef4dc7fb2abd6de71ba3",
                "sha256:92d8a043a4241a710c1cf7593f5577fbb832cf6c3a00ff3fc1ff2052aff5dd89",
                "sha256:95fa7726d073c87141f7bbfb04c284901f8328e2d430eeb71b8ffdd5742a5ded",
                "sha256:97712e0d0af05febd8ab63d2ef0ab2d0cd9deddf4476f7aa153f76feef4b2754",
                "sha256:b2ba0f78b3ef375114856cbdaa30559914d081c416b431f2437f83ce4f8b7f2f",
                "sha256:bae83f2a56ab30d5353b47f9b2a33e4aac4de9401fb582b55c42b132a8ac3868",
                "sha256:c78e66a922de1c95a208e4ec02e2e5cf0bb83a36ceececc10a72841e53fbf2bd",
                "sha256:cf59bbf282b627130f5ba68b7fa3abdb96372b24b66bdf72a4920e8153fc7910",
                "sha256:e3cdc9423808f7e1bb9c2e0bdb1c9dc37b0607b30d646ff6faf0d4e41ee8fee3",
                "sha256:e9b64e609d37438f7d6e68c2546d2cb8062f3adb27e6336bc129b51be20773ac",
                "sha256:fbff901c54c22425a5b809b914a3bfaf4b9570eee0e5ce8186ac71eb2025191c"
            ],
            "version": "==2020.6.8"
        },
        "requests": {
            "hashes": [
                "sha256:b3559a131db72c33ee969480840fff4bb6dd111de7dd27c8ee1f820f4f00231b",
                "sha256:fe75cc94a9443b9246fc7049224f75604b113c36acb93f87b80ed42c44cbb898"
            ],
            "version": "==2.24.0"
        },
        "six": {
            "hashes": [
                "sha256:30639c035cdb23534cd4aa2dd52c3bf48f06e5f4a941509c8bafd8ce11080259",
                "sha256:8b74bedcbbbaca38ff6d7491d76f2b06b3592611af620f8426e82dddb04a5ced"
            ],
            "version": "==1.15.0"
        },
        "toml": {
            "hashes": [
                "sha256:926b612be1e5ce0634a2ca03470f95169cf16f939018233a670519cb4ac58b0f",
                "sha256:bda89d5935c2eac546d648028b9901107a595863cb36bae0c73ac804a9b4ce88"
            ],
            "version": "==0.10.1"
        },
        "traitlets": {
            "hashes": [
                "sha256:70b4c6a1d9019d7b4f6846832288f86998aa3b9207c6821f3578a6a6a467fe44",
                "sha256:d023ee369ddd2763310e4c3eae1ff649689440d4ae59d7485eb4cfbbe3e359f7"
            ],
            "version": "==4.3.3"
        },
        "typed-ast": {
            "hashes": [
                "sha256:0666aa36131496aed8f7be0410ff974562ab7eeac11ef351def9ea6fa28f6355",
                "sha256:0c2c07682d61a629b68433afb159376e24e5b2fd4641d35424e462169c0a7919",
                "sha256:249862707802d40f7f29f6e1aad8d84b5aa9e44552d2cc17384b209f091276aa",
                "sha256:24995c843eb0ad11a4527b026b4dde3da70e1f2d8806c99b7b4a7cf491612652",
                "sha256:269151951236b0f9a6f04015a9004084a5ab0d5f19b57de779f908621e7d8b75",
                "sha256:4083861b0aa07990b619bd7ddc365eb7fa4b817e99cf5f8d9cf21a42780f6e01",
                "sha256:498b0f36cc7054c1fead3d7fc59d2150f4d5c6c56ba7fb150c013fbc683a8d2d",
                "sha256:4e3e5da80ccbebfff202a67bf900d081906c358ccc3d5e3c8aea42fdfdfd51c1",
                "sha256:6daac9731f172c2a22ade6ed0c00197ee7cc1221aa84cfdf9c31defeb059a907",
                "sha256:715ff2f2df46121071622063fc7543d9b1fd19ebfc4f5c8895af64a77a8c852c",
                "sha256:73d785a950fc82dd2a25897d525d003f6378d1cb23ab305578394694202a58c3",
                "sha256:8c8aaad94455178e3187ab22c8b01a3837f8ee50e09cf31f1ba129eb293ec30b",
                "sha256:8ce678dbaf790dbdb3eba24056d5364fb45944f33553dd5869b7580cdbb83614",
                "sha256:aaee9905aee35ba5905cfb3c62f3e83b3bec7b39413f0a7f19be4e547ea01ebb",
                "sha256:bcd3b13b56ea479b3650b82cabd6b5343a625b0ced5429e4ccad28a8973f301b",
                "sha256:c9e348e02e4d2b4a8b2eedb48210430658df6951fa484e59de33ff773fbd4b41",
                "sha256:d205b1b46085271b4e15f670058ce182bd1199e56b317bf2ec004b6a44f911f6",
                "sha256:d43943ef777f9a1c42bf4e552ba23ac77a6351de620aa9acf64ad54933ad4d34",
                "sha256:d5d33e9e7af3b34a40dc05f498939f0ebf187f07c385fd58d591c533ad8562fe",
                "sha256:fc0fea399acb12edbf8a628ba8d2312f583bdbdb3335635db062fa98cf71fca4",
                "sha256:fe460b922ec15dd205595c9b5b99e2f056fd98ae8f9f56b888e7a17dc2b757e7"
            ],
            "version": "==1.4.1"
        },
        "typing-extensions": {
            "hashes": [
                "sha256:6e95524d8a547a91e08f404ae485bbb71962de46967e1b71a0cb89af24e761c5",
                "sha256:79ee589a3caca649a9bfd2a8de4709837400dfa00b6cc81962a1e6a1815969ae",
                "sha256:f8d2bd89d25bc39dabe7d23df520442fa1d8969b82544370e03d88b5a591c392"
            ],
            "version": "==3.7.4.2"
        },
        "urllib3": {
            "hashes": [
                "sha256:3018294ebefce6572a474f0604c2021e33b3fd8006ecd11d62107a5d2a963527",
                "sha256:88206b0eb87e6d677d424843ac5209e3fb9d0190d0ee169599165ec25e9d9115"
            ],
            "version": "==1.25.9"
        },
        "wcwidth": {
            "hashes": [
                "sha256:beb4802a9cebb9144e99086eff703a642a13d6a0052920003a230f3294bbe784",
                "sha256:c4d647b99872929fdb7bdcaa4fbe7f01413ed3d98077df798530e5b04f116c83"
            ],
            "version": "==0.2.5"
        },
        "zipp": {
            "hashes": [
                "sha256:aa36550ff0c0b7ef7fa639055d797116ee891440eac1a56f378e2d3179e0320b",
                "sha256:c599e4d75c98f6798c509911d08a22e6c021d074469042177c8c86fb92eefd96"
            ],
            "version": "==3.1.0"
        }
    }
}
